// !$*UTF8*$!
{
	archiveVersion = 1;
	classes = {
	};
	objectVersion = 48;
	objects = {

/* Begin PBXBuildFile section */
		424346AE236EBEF8001D3500 /* AppDelegate.swift in Sources */ = {isa = PBXBuildFile; fileRef = 424346AD236EBEF8001D3500 /* AppDelegate.swift */; };
		424346B0236EBEF8001D3500 /* ViewController.swift in Sources */ = {isa = PBXBuildFile; fileRef = 424346AF236EBEF8001D3500 /* ViewController.swift */; };
		424346B3236EBEF8001D3500 /* Main.storyboard in Resources */ = {isa = PBXBuildFile; fileRef = 424346B1236EBEF8001D3500 /* Main.storyboard */; };
		424346B5236EBEF8001D3500 /* Assets.xcassets in Resources */ = {isa = PBXBuildFile; fileRef = 424346B4236EBEF8001D3500 /* Assets.xcassets */; };
		424346B8236EBEF8001D3500 /* LaunchScreen.storyboard in Resources */ = {isa = PBXBuildFile; fileRef = 424346B6236EBEF8001D3500 /* LaunchScreen.storyboard */; };
		424346C3236EBEF8001D3500 /* ClickerTests.swift in Sources */ = {isa = PBXBuildFile; fileRef = 424346C2236EBEF8001D3500 /* ClickerTests.swift */; };
		424346CE236EBEF8001D3500 /* ClickerUITests.swift in Sources */ = {isa = PBXBuildFile; fileRef = 424346CD236EBEF8001D3500 /* ClickerUITests.swift */; };
/* End PBXBuildFile section */

/* Begin PBXContainerItemProxy section */
		424346BF236EBEF8001D3500 /* PBXContainerItemProxy */ = {
			isa = PBXContainerItemProxy;
			containerPortal = 424346A2236EBEF8001D3500 /* Project object */;
			proxyType = 1;
			remoteGlobalIDString = 424346A9236EBEF8001D3500;
			remoteInfo = Clicker;
		};
		424346CA236EBEF8001D3500 /* PBXContainerItemProxy */ = {
			isa = PBXContainerItemProxy;
			containerPortal = 424346A2236EBEF8001D3500 /* Project object */;
			proxyType = 1;
			remoteGlobalIDString = 424346A9236EBEF8001D3500;
			remoteInfo = Clicker;
		};
/* End PBXContainerItemProxy section */

/* Begin PBXFileReference section */
		424346AA236EBEF8001D3500 /* Clicker.app */ = {isa = PBXFileReference; explicitFileType = wrapper.application; includeInIndex = 0; path = Clicker.app; sourceTree = BUILT_PRODUCTS_DIR; };
		424346AD236EBEF8001D3500 /* AppDelegate.swift */ = {isa = PBXFileReference; lastKnownFileType = sourcecode.swift; path = AppDelegate.swift; sourceTree = "<group>"; };
		424346AF236EBEF8001D3500 /* ViewController.swift */ = {isa = PBXFileReference; lastKnownFileType = sourcecode.swift; path = ViewController.swift; sourceTree = "<group>"; };
		424346B2236EBEF8001D3500 /* Base */ = {isa = PBXFileReference; lastKnownFileType = file.storyboard; name = Base; path = Base.lproj/Main.storyboard; sourceTree = "<group>"; };
		424346B4236EBEF8001D3500 /* Assets.xcassets */ = {isa = PBXFileReference; lastKnownFileType = folder.assetcatalog; path = Assets.xcassets; sourceTree = "<group>"; };
		424346B7236EBEF8001D3500 /* Base */ = {isa = PBXFileReference; lastKnownFileType = file.storyboard; name = Base; path = Base.lproj/LaunchScreen.storyboard; sourceTree = "<group>"; };
		424346B9236EBEF8001D3500 /* Info.plist */ = {isa = PBXFileReference; lastKnownFileType = text.plist.xml; path = Info.plist; sourceTree = "<group>"; };
		424346BE236EBEF8001D3500 /* ClickerTests.xctest */ = {isa = PBXFileReference; explicitFileType = wrapper.cfbundle; includeInIndex = 0; path = ClickerTests.xctest; sourceTree = BUILT_PRODUCTS_DIR; };
		424346C2236EBEF8001D3500 /* ClickerTests.swift */ = {isa = PBXFileReference; lastKnownFileType = sourcecode.swift; path = ClickerTests.swift; sourceTree = "<group>"; };
		424346C4236EBEF8001D3500 /* Info.plist */ = {isa = PBXFileReference; lastKnownFileType = text.plist.xml; path = Info.plist; sourceTree = "<group>"; };
		424346C9236EBEF8001D3500 /* ClickerUITests.xctest */ = {isa = PBXFileReference; explicitFileType = wrapper.cfbundle; includeInIndex = 0; path = ClickerUITests.xctest; sourceTree = BUILT_PRODUCTS_DIR; };
		424346CD236EBEF8001D3500 /* ClickerUITests.swift */ = {isa = PBXFileReference; lastKnownFileType = sourcecode.swift; path = ClickerUITests.swift; sourceTree = "<group>"; };
		424346CF236EBEF8001D3500 /* Info.plist */ = {isa = PBXFileReference; lastKnownFileType = text.plist.xml; path = Info.plist; sourceTree = "<group>"; };
/* End PBXFileReference section */

/* Begin PBXFrameworksBuildPhase section */
		424346A7236EBEF8001D3500 /* Frameworks */ = {
			isa = PBXFrameworksBuildPhase;
			buildActionMask = 2147483647;
			files = (
			);
			runOnlyForDeploymentPostprocessing = 0;
		};
		424346BB236EBEF8001D3500 /* Frameworks */ = {
			isa = PBXFrameworksBuildPhase;
			buildActionMask = 2147483647;
			files = (
			);
			runOnlyForDeploymentPostprocessing = 0;
		};
		424346C6236EBEF8001D3500 /* Frameworks */ = {
			isa = PBXFrameworksBuildPhase;
			buildActionMask = 2147483647;
			files = (
			);
			runOnlyForDeploymentPostprocessing = 0;
		};
/* End PBXFrameworksBuildPhase section */

/* Begin PBXGroup section */
		424346A1236EBEF8001D3500 = {
			isa = PBXGroup;
			children = (
				424346AC236EBEF8001D3500 /* Clicker */,
				424346C1236EBEF8001D3500 /* ClickerTests */,
				424346CC236EBEF8001D3500 /* ClickerUITests */,
				424346AB236EBEF8001D3500 /* Products */,
			);
			sourceTree = "<group>";
		};
		424346AB236EBEF8001D3500 /* Products */ = {
			isa = PBXGroup;
			children = (
				424346AA236EBEF8001D3500 /* Clicker.app */,
				424346BE236EBEF8001D3500 /* ClickerTests.xctest */,
				424346C9236EBEF8001D3500 /* ClickerUITests.xctest */,
			);
			name = Products;
			sourceTree = "<group>";
		};
		424346AC236EBEF8001D3500 /* Clicker */ = {
			isa = PBXGroup;
			children = (
				424346AD236EBEF8001D3500 /* AppDelegate.swift */,
				424346AF236EBEF8001D3500 /* ViewController.swift */,
				424346B1236EBEF8001D3500 /* Main.storyboard */,
				424346B4236EBEF8001D3500 /* Assets.xcassets */,
				424346B6236EBEF8001D3500 /* LaunchScreen.storyboard */,
				424346B9236EBEF8001D3500 /* Info.plist */,
			);
			path = Clicker;
			sourceTree = "<group>";
		};
		424346C1236EBEF8001D3500 /* ClickerTests */ = {
			isa = PBXGroup;
			children = (
				424346C2236EBEF8001D3500 /* ClickerTests.swift */,
				424346C4236EBEF8001D3500 /* Info.plist */,
			);
			path = ClickerTests;
			sourceTree = "<group>";
		};
		424346CC236EBEF8001D3500 /* ClickerUITests */ = {
			isa = PBXGroup;
			children = (
				424346CD236EBEF8001D3500 /* ClickerUITests.swift */,
				424346CF236EBEF8001D3500 /* Info.plist */,
			);
			path = ClickerUITests;
			sourceTree = "<group>";
		};
/* End PBXGroup section */

/* Begin PBXNativeTarget section */
		424346A9236EBEF8001D3500 /* Clicker */ = {
			isa = PBXNativeTarget;
			buildConfigurationList = 424346D2236EBEF8001D3500 /* Build configuration list for PBXNativeTarget "Clicker" */;
			buildPhases = (
				424346A6236EBEF8001D3500 /* Sources */,
				424346A7236EBEF8001D3500 /* Frameworks */,
				424346A8236EBEF8001D3500 /* Resources */,
			);
			buildRules = (
			);
			dependencies = (
			);
			name = Clicker;
			productName = Clicker;
			productReference = 424346AA236EBEF8001D3500 /* Clicker.app */;
			productType = "com.apple.product-type.application";
		};
		424346BD236EBEF8001D3500 /* ClickerTests */ = {
			isa = PBXNativeTarget;
			buildConfigurationList = 424346D5236EBEF8001D3500 /* Build configuration list for PBXNativeTarget "ClickerTests" */;
			buildPhases = (
				424346BA236EBEF8001D3500 /* Sources */,
				424346BB236EBEF8001D3500 /* Frameworks */,
				424346BC236EBEF8001D3500 /* Resources */,
			);
			buildRules = (
			);
			dependencies = (
				424346C0236EBEF8001D3500 /* PBXTargetDependency */,
			);
			name = ClickerTests;
			productName = ClickerTests;
			productReference = 424346BE236EBEF8001D3500 /* ClickerTests.xctest */;
			productType = "com.apple.product-type.bundle.unit-test";
		};
		424346C8236EBEF8001D3500 /* ClickerUITests */ = {
			isa = PBXNativeTarget;
			buildConfigurationList = 424346D8236EBEF8001D3500 /* Build configuration list for PBXNativeTarget "ClickerUITests" */;
			buildPhases = (
				424346C5236EBEF8001D3500 /* Sources */,
				424346C6236EBEF8001D3500 /* Frameworks */,
				424346C7236EBEF8001D3500 /* Resources */,
			);
			buildRules = (
			);
			dependencies = (
				424346CB236EBEF8001D3500 /* PBXTargetDependency */,
			);
			name = ClickerUITests;
			productName = ClickerUITests;
			productReference = 424346C9236EBEF8001D3500 /* ClickerUITests.xctest */;
			productType = "com.apple.product-type.bundle.ui-testing";
		};
/* End PBXNativeTarget section */

/* Begin PBXProject section */
		424346A2236EBEF8001D3500 /* Project object */ = {
			isa = PBXProject;
			attributes = {
				LastSwiftUpdateCheck = 0900;
				LastUpgradeCheck = 0900;
				ORGANIZATIONNAME = " JimmGrown";
				TargetAttributes = {
					424346A9236EBEF8001D3500 = {
						CreatedOnToolsVersion = 9.0.1;
						ProvisioningStyle = Automatic;
					};
					424346BD236EBEF8001D3500 = {
						CreatedOnToolsVersion = 9.0.1;
						ProvisioningStyle = Automatic;
						TestTargetID = 424346A9236EBEF8001D3500;
					};
					424346C8236EBEF8001D3500 = {
						CreatedOnToolsVersion = 9.0.1;
						ProvisioningStyle = Automatic;
						TestTargetID = 424346A9236EBEF8001D3500;
					};
				};
			};
			buildConfigurationList = 424346A5236EBEF8001D3500 /* Build configuration list for PBXProject "Clicker" */;
			compatibilityVersion = "Xcode 8.0";
			developmentRegion = en;
			hasScannedForEncodings = 0;
			knownRegions = (
				en,
				Base,
			);
			mainGroup = 424346A1236EBEF8001D3500;
			productRefGroup = 424346AB236EBEF8001D3500 /* Products */;
			projectDirPath = "";
			projectRoot = "";
			targets = (
				424346A9236EBEF8001D3500 /* Clicker */,
				424346BD236EBEF8001D3500 /* ClickerTests */,
				424346C8236EBEF8001D3500 /* ClickerUITests */,
			);
		};
/* End PBXProject section */

/* Begin PBXResourcesBuildPhase section */
		424346A8236EBEF8001D3500 /* Resources */ = {
			isa = PBXResourcesBuildPhase;
			buildActionMask = 2147483647;
			files = (
				424346B8236EBEF8001D3500 /* LaunchScreen.storyboard in Resources */,
				424346B5236EBEF8001D3500 /* Assets.xcassets in Resources */,
				424346B3236EBEF8001D3500 /* Main.storyboard in Resources */,
			);
			runOnlyForDeploymentPostprocessing = 0;
		};
		424346BC236EBEF8001D3500 /* Resources */ = {
			isa = PBXResourcesBuildPhase;
			buildActionMask = 2147483647;
			files = (
			);
			runOnlyForDeploymentPostprocessing = 0;
		};
		424346C7236EBEF8001D3500 /* Resources */ = {
			isa = PBXResourcesBuildPhase;
			buildActionMask = 2147483647;
			files = (
			);
			runOnlyForDeploymentPostprocessing = 0;
		};
/* End PBXResourcesBuildPhase section */

/* Begin PBXSourcesBuildPhase section */
		424346A6236EBEF8001D3500 /* Sources */ = {
			isa = PBXSourcesBuildPhase;
			buildActionMask = 2147483647;
			files = (
				424346B0236EBEF8001D3500 /* ViewController.swift in Sources */,
				424346AE236EBEF8001D3500 /* AppDelegate.swift in Sources */,
			);
			runOnlyForDeploymentPostprocessing = 0;
		};
		424346BA236EBEF8001D3500 /* Sources */ = {
			isa = PBXSourcesBuildPhase;
			buildActionMask = 2147483647;
			files = (
				424346C3236EBEF8001D3500 /* ClickerTests.swift in Sources */,
			);
			runOnlyForDeploymentPostprocessing = 0;
		};
		424346C5236EBEF8001D3500 /* Sources */ = {
			isa = PBXSourcesBuildPhase;
			buildActionMask = 2147483647;
			files = (
				424346CE236EBEF8001D3500 /* ClickerUITests.swift in Sources */,
			);
			runOnlyForDeploymentPostprocessing = 0;
		};
/* End PBXSourcesBuildPhase section */

/* Begin PBXTargetDependency section */
		424346C0236EBEF8001D3500 /* PBXTargetDependency */ = {
			isa = PBXTargetDependency;
			target = 424346A9236EBEF8001D3500 /* Clicker */;
			targetProxy = 424346BF236EBEF8001D3500 /* PBXContainerItemProxy */;
		};
		424346CB236EBEF8001D3500 /* PBXTargetDependency */ = {
			isa = PBXTargetDependency;
			target = 424346A9236EBEF8001D3500 /* Clicker */;
			targetProxy = 424346CA236EBEF8001D3500 /* PBXContainerItemProxy */;
		};
/* End PBXTargetDependency section */

/* Begin PBXVariantGroup section */
		424346B1236EBEF8001D3500 /* Main.storyboard */ = {
			isa = PBXVariantGroup;
			children = (
				424346B2236EBEF8001D3500 /* Base */,
			);
			name = Main.storyboard;
			sourceTree = "<group>";
		};
		424346B6236EBEF8001D3500 /* LaunchScreen.storyboard */ = {
			isa = PBXVariantGroup;
			children = (
				424346B7236EBEF8001D3500 /* Base */,
			);
			name = LaunchScreen.storyboard;
			sourceTree = "<group>";
		};
/* End PBXVariantGroup section */

/* Begin XCBuildConfiguration section */
		424346D0236EBEF8001D3500 /* Debug */ = {
			isa = XCBuildConfiguration;
			buildSettings = {
				ALWAYS_SEARCH_USER_PATHS = NO;
				CLANG_ANALYZER_NONNULL = YES;
				CLANG_ANALYZER_NUMBER_OBJECT_CONVERSION = YES_AGGRESSIVE;
				CLANG_CXX_LANGUAGE_STANDARD = "gnu++14";
				CLANG_CXX_LIBRARY = "libc++";
				CLANG_ENABLE_MODULES = YES;
				CLANG_ENABLE_OBJC_ARC = YES;
				CLANG_WARN_BLOCK_CAPTURE_AUTORELEASING = YES;
				CLANG_WARN_BOOL_CONVERSION = YES;
				CLANG_WARN_COMMA = YES;
				CLANG_WARN_CONSTANT_CONVERSION = YES;
				CLANG_WARN_DIRECT_OBJC_ISA_USAGE = YES_ERROR;
				CLANG_WARN_DOCUMENTATION_COMMENTS = YES;
				CLANG_WARN_EMPTY_BODY = YES;
				CLANG_WARN_ENUM_CONVERSION = YES;
				CLANG_WARN_INFINITE_RECURSION = YES;
				CLANG_WARN_INT_CONVERSION = YES;
				CLANG_WARN_NON_LITERAL_NULL_CONVERSION = YES;
				CLANG_WARN_OBJC_LITERAL_CONVERSION = YES;
				CLANG_WARN_OBJC_ROOT_CLASS = YES_ERROR;
				CLANG_WARN_RANGE_LOOP_ANALYSIS = YES;
				CLANG_WARN_STRICT_PROTOTYPES = YES;
				CLANG_WARN_SUSPICIOUS_MOVE = YES;
				CLANG_WARN_UNGUARDED_AVAILABILITY = YES_AGGRESSIVE;
				CLANG_WARN_UNREACHABLE_CODE = YES;
				CLANG_WARN__DUPLICATE_METHOD_MATCH = YES;
				CODE_SIGN_IDENTITY = "iPhone Developer";
				COPY_PHASE_STRIP = NO;
				DEBUG_INFORMATION_FORMAT = dwarf;
				ENABLE_STRICT_OBJC_MSGSEND = YES;
				ENABLE_TESTABILITY = YES;
				GCC_C_LANGUAGE_STANDARD = gnu11;
				GCC_DYNAMIC_NO_PIC = NO;
				GCC_NO_COMMON_BLOCKS = YES;
				GCC_OPTIMIZATION_LEVEL = 0;
				GCC_PREPROCESSOR_DEFINITIONS = (
					"DEBUG=1",
					"$(inherited)",
				);
				GCC_WARN_64_TO_32_BIT_CONVERSION = YES;
				GCC_WARN_ABOUT_RETURN_TYPE = YES_ERROR;
				GCC_WARN_UNDECLARED_SELECTOR = YES;
				GCC_WARN_UNINITIALIZED_AUTOS = YES_AGGRESSIVE;
				GCC_WARN_UNUSED_FUNCTION = YES;
				GCC_WARN_UNUSED_VARIABLE = YES;
				IPHONEOS_DEPLOYMENT_TARGET = 11.0;
				MTL_ENABLE_DEBUG_INFO = YES;
				ONLY_ACTIVE_ARCH = YES;
				SDKROOT = iphoneos;
				SWIFT_ACTIVE_COMPILATION_CONDITIONS = DEBUG;
				SWIFT_OPTIMIZATION_LEVEL = "-Onone";
			};
			name = Debug;
		};
		424346D1236EBEF8001D3500 /* Release */ = {
			isa = XCBuildConfiguration;
			buildSettings = {
				ALWAYS_SEARCH_USER_PATHS = NO;
				CLANG_ANALYZER_NONNULL = YES;
				CLANG_ANALYZER_NUMBER_OBJECT_CONVERSION = YES_AGGRESSIVE;
				CLANG_CXX_LANGUAGE_STANDARD = "gnu++14";
				CLANG_CXX_LIBRARY = "libc++";
				CLANG_ENABLE_MODULES = YES;
				CLANG_ENABLE_OBJC_ARC = YES;
				CLANG_WARN_BLOCK_CAPTURE_AUTORELEASING = YES;
				CLANG_WARN_BOOL_CONVERSION = YES;
				CLANG_WARN_COMMA = YES;
				CLANG_WARN_CONSTANT_CONVERSION = YES;
				CLANG_WARN_DIRECT_OBJC_ISA_USAGE = YES_ERROR;
				CLANG_WARN_DOCUMENTATION_COMMENTS = YES;
				CLANG_WARN_EMPTY_BODY = YES;
				CLANG_WARN_ENUM_CONVERSION = YES;
				CLANG_WARN_INFINITE_RECURSION = YES;
				CLANG_WARN_INT_CONVERSION = YES;
				CLANG_WARN_NON_LITERAL_NULL_CONVERSION = YES;
				CLANG_WARN_OBJC_LITERAL_CONVERSION = YES;
				CLANG_WARN_OBJC_ROOT_CLASS = YES_ERROR;
				CLANG_WARN_RANGE_LOOP_ANALYSIS = YES;
				CLANG_WARN_STRICT_PROTOTYPES = YES;
				CLANG_WARN_SUSPICIOUS_MOVE = YES;
				CLANG_WARN_UNGUARDED_AVAILABILITY = YES_AGGRESSIVE;
				CLANG_WARN_UNREACHABLE_CODE = YES;
				CLANG_WARN__DUPLICATE_METHOD_MATCH = YES;
				CODE_SIGN_IDENTITY = "iPhone Developer";
				COPY_PHASE_STRIP = NO;
				DEBUG_INFORMATION_FORMAT = "dwarf-with-dsym";
				ENABLE_NS_ASSERTIONS = NO;
				ENABLE_STRICT_OBJC_MSGSEND = YES;
				GCC_C_LANGUAGE_STANDARD = gnu11;
				GCC_NO_COMMON_BLOCKS = YES;
				GCC_WARN_64_TO_32_BIT_CONVERSION = YES;
				GCC_WARN_ABOUT_RETURN_TYPE = YES_ERROR;
				GCC_WARN_UNDECLARED_SELECTOR = YES;
				GCC_WARN_UNINITIALIZED_AUTOS = YES_AGGRESSIVE;
				GCC_WARN_UNUSED_FUNCTION = YES;
				GCC_WARN_UNUSED_VARIABLE = YES;
				IPHONEOS_DEPLOYMENT_TARGET = 11.0;
				MTL_ENABLE_DEBUG_INFO = NO;
				SDKROOT = iphoneos;
				SWIFT_OPTIMIZATION_LEVEL = "-Owholemodule";
				VALIDATE_PRODUCT = YES;
			};
			name = Release;
		};
		424346D3236EBEF8001D3500 /* Debug */ = {
			isa = XCBuildConfiguration;
			buildSettings = {
				ASSETCATALOG_COMPILER_APPICON_NAME = AppIcon;
				CODE_SIGN_STYLE = Automatic;
				INFOPLIST_FILE = Clicker/Info.plist;
				LD_RUNPATH_SEARCH_PATHS = "$(inherited) @executable_path/Frameworks";
				PRODUCT_BUNDLE_IDENTIFIER = "-.Clicker";
				PRODUCT_NAME = "$(TARGET_NAME)";
				SWIFT_VERSION = 4.0;
				TARGETED_DEVICE_FAMILY = "1,2";
			};
			name = Debug;
		};
		424346D4236EBEF8001D3500 /* Release */ = {
			isa = XCBuildConfiguration;
			buildSettings = {
				ASSETCATALOG_COMPILER_APPICON_NAME = AppIcon;
				CODE_SIGN_STYLE = Automatic;
				INFOPLIST_FILE = Clicker/Info.plist;
				LD_RUNPATH_SEARCH_PATHS = "$(inherited) @executable_path/Frameworks";
				PRODUCT_BUNDLE_IDENTIFIER = "-.Clicker";
				PRODUCT_NAME = "$(TARGET_NAME)";
				SWIFT_VERSION = 4.0;
				TARGETED_DEVICE_FAMILY = "1,2";
			};
			name = Release;
		};
		424346D6236EBEF8001D3500 /* Debug */ = {
			isa = XCBuildConfiguration;
			buildSettings = {
				ALWAYS_EMBED_SWIFT_STANDARD_LIBRARIES = YES;
				BUNDLE_LOADER = "$(TEST_HOST)";
				CODE_SIGN_STYLE = Automatic;
				INFOPLIST_FILE = ClickerTests/Info.plist;
				LD_RUNPATH_SEARCH_PATHS = "$(inherited) @executable_path/Frameworks @loader_path/Frameworks";
				PRODUCT_BUNDLE_IDENTIFIER = "-.ClickerTests";
				PRODUCT_NAME = "$(TARGET_NAME)";
				SWIFT_VERSION = 4.0;
				TARGETED_DEVICE_FAMILY = "1,2";
				TEST_HOST = "$(BUILT_PRODUCTS_DIR)/Clicker.app/Clicker";
			};
			name = Debug;
		};
		424346D7236EBEF8001D3500 /* Release */ = {
			isa = XCBuildConfiguration;
			buildSettings = {
				ALWAYS_EMBED_SWIFT_STANDARD_LIBRARIES = YES;
				BUNDLE_LOADER = "$(TEST_HOST)";
				CODE_SIGN_STYLE = Automatic;
				INFOPLIST_FILE = ClickerTests/Info.plist;
				LD_RUNPATH_SEARCH_PATHS = "$(inherited) @executable_path/Frameworks @loader_path/Frameworks";
				PRODUCT_BUNDLE_IDENTIFIER = "-.ClickerTests";
				PRODUCT_NAME = "$(TARGET_NAME)";
				SWIFT_VERSION = 4.0;
				TARGETED_DEVICE_FAMILY = "1,2";
				TEST_HOST = "$(BUILT_PRODUCTS_DIR)/Clicker.app/Clicker";
			};
			name = Release;
		};
		424346D9236EBEF8001D3500 /* Debug */ = {
			isa = XCBuildConfiguration;
			buildSettings = {
				ALWAYS_EMBED_SWIFT_STANDARD_LIBRARIES = YES;
				CODE_SIGN_STYLE = Automatic;
				INFOPLIST_FILE = ClickerUITests/Info.plist;
				LD_RUNPATH_SEARCH_PATHS = "$(inherited) @executable_path/Frameworks @loader_path/Frameworks";
				PRODUCT_BUNDLE_IDENTIFIER = "-.ClickerUITests";
				PRODUCT_NAME = "$(TARGET_NAME)";
				SWIFT_VERSION = 4.0;
				TARGETED_DEVICE_FAMILY = "1,2";
				TEST_TARGET_NAME = Clicker;
			};
			name = Debug;
		};
		424346DA236EBEF8001D3500 /* Release */ = {
			isa = XCBuildConfiguration;
			buildSettings = {
				ALWAYS_EMBED_SWIFT_STANDARD_LIBRARIES = YES;
				CODE_SIGN_STYLE = Automatic;
				INFOPLIST_FILE = ClickerUITests/Info.plist;
				LD_RUNPATH_SEARCH_PATHS = "$(inherited) @executable_path/Frameworks @loader_path/Frameworks";
				PRODUCT_BUNDLE_IDENTIFIER = "-.ClickerUITests";
				PRODUCT_NAME = "$(TARGET_NAME)";
				SWIFT_VERSION = 4.0;
				TARGETED_DEVICE_FAMILY = "1,2";
				TEST_TARGET_NAME = Clicker;
			};
			name = Release;
		};
/* End XCBuildConfiguration section */

/* Begin XCConfigurationList section */
		424346A5236EBEF8001D3500 /* Build configuration list for PBXProject "Clicker" */ = {
			isa = XCConfigurationList;
			buildConfigurations = (
				424346D0236EBEF8001D3500 /* Debug */,
				424346D1236EBEF8001D3500 /* Release */,
			);
			defaultConfigurationIsVisible = 0;
			defaultConfigurationName = Release;
		};
		424346D2236EBEF8001D3500 /* Build configuration list for PBXNativeTarget "Clicker" */ = {
			isa = XCConfigurationList;
			buildConfigurations = (
				424346D3236EBEF8001D3500 /* Debug */,
				424346D4236EBEF8001D3500 /* Release */,
			);
			defaultConfigurationIsVisible = 0;
			defaultConfigurationName = Release;
		};
		424346D5236EBEF8001D3500 /* Build configuration list for PBXNativeTarget "ClickerTests" */ = {
			isa = XCConfigurationList;
			buildConfigurations = (
				424346D6236EBEF8001D3500 /* Debug */,
				424346D7236EBEF8001D3500 /* Release */,
			);
			defaultConfigurationIsVisible = 0;
			defaultConfigurationName = Release;
		};
		424346D8236EBEF8001D3500 /* Build configuration list for PBXNativeTarget "ClickerUITests" */ = {
			isa = XCConfigurationList;
			buildConfigurations = (
				424346D9236EBEF8001D3500 /* Debug */,
				424346DA236EBEF8001D3500 /* Release */,
			);
			defaultConfigurationIsVisible = 0;
			defaultConfigurationName = Release;
		};
/* End XCConfigurationList section */
	};
	rootObject = 424346A2236EBEF8001D3500 /* Project object */;
}
